
Microsoft Visual Studio Solution File, Format Version 12.00
# Visual Studio Version 17
VisualStudioVersion = 17.11.35222.181
MinimumVisualStudioVersion = 10.0.40219.1
Project("{FAE04EC0-301F-11D3-BF4B-00C04F79EFBC}") = "GUI", "bai06lop\GUI.csproj", "{C3B23728-CAC9-44BD-AEEB-8665345F7B06}"
EndProject
Project("{FAE04EC0-301F-11D3-BF4B-00C04F79EFBC}") = "BUS", "BUS\BUS.csproj", "{0AAD45A1-AA33-4AB9-8E71-3394D8AFD125}"
EndProject
Project("{FAE04EC0-301F-11D3-BF4B-00C04F79EFBC}") = "DAL", "DAL\DAL.csproj", "{143A8B94-3842-4CB4-A4A2-AB7E817F7314}"
EndProject
Global
	GlobalSection(SolutionConfigurationPlatforms) = preSolution
		Debug|Any CPU = Debug|Any CPU
		Release|Any CPU = Release|Any CPU
	EndGlobalSection
	GlobalSection(ProjectConfigurationPlatforms) = postSolution
		{C3B23728-CAC9-44BD-AEEB-8665345F7B06}.Debug|Any CPU.ActiveCfg = Debug|Any CPU
		{C3B23728-CAC9-44BD-AEEB-8665345F7B06}.Debug|Any CPU.Build.0 = Debug|Any CPU
		{C3B23728-CAC9-44BD-AEEB-8665345F7B06}.Release|Any CPU.ActiveCfg = Release|Any CPU
		{C3B23728-CAC9-44BD-AEEB-8665345F7B06}.Release|Any CPU.Build.0 = Release|Any CPU
		{0AAD45A1-AA33-4AB9-8E71-3394D8AFD125}.Debug|Any CPU.ActiveCfg = Debug|Any CPU
		{0AAD45A1-AA33-4AB9-8E71-3394D8AFD125}.Debug|Any CPU.Build.0 = Debug|Any CPU
		{0AAD45A1-AA33-4AB9-8E71-3394D8AFD125}.Release|Any CPU.ActiveCfg = Release|Any CPU
		{0AAD45A1-AA33-4AB9-8E71-3394D8AFD125}.Release|Any CPU.Build.0 = Release|Any CPU
		{143A8B94-3842-4CB4-A4A2-AB7E817F7314}.Debug|Any CPU.ActiveCfg = Debug|Any CPU
		{143A8B94-3842-4CB4-A4A2-AB7E817F7314}.Debug|Any CPU.Build.0 = Debug|Any CPU
		{143A8B94-3842-4CB4-A4A2-AB7E817F7314}.Release|Any CPU.ActiveCfg = Release|Any CPU
		{143A8B94-3842-4CB4-A4A2-AB7E817F7314}.Release|Any CPU.Build.0 = Release|Any CPU
	EndGlobalSection
	GlobalSection(SolutionProperties) = preSolution
		HideSolutionNode = FALSE
	EndGlobalSection
	GlobalSection(ExtensibilityGlobals) = postSolution
		SolutionGuid = {27B85931-FA5B-404A-8792-6C733F23EEE8}
	EndGlobalSection
EndGlobal
